
Microsoft Visual Studio Solution File, Format Version 12.00
# Visual Studio Version 17
VisualStudioVersion = 17.0.31903.59
MinimumVisualStudioVersion = 10.0.40219.1
Project("{FAE04EC0-301F-11D3-BF4B-00C04F79EFBC}") = "API", "API\API.csproj", "{90DC77D8-5027-4DD8-B12C-C83B8E5FD687}"
EndProject
Project("{FAE04EC0-301F-11D3-BF4B-00C04F79EFBC}") = "Core", "Core\Core.csproj", "{FEB6C99D-C5CD-424C-BCFF-A17720BC028E}"
EndProject
Project("{FAE04EC0-301F-11D3-BF4B-00C04F79EFBC}") = "Infrastructure", "Infrastructure\Infrastructure.csproj", "{E024A0BB-0D3C-4B73-9ED7-361CCA04AE3A}"
EndProject
Global
	GlobalSection(SolutionConfigurationPlatforms) = preSolution
		Debug|Any CPU = Debug|Any CPU
		Release|Any CPU = Release|Any CPU
	EndGlobalSection
	GlobalSection(SolutionProperties) = preSolution
		HideSolutionNode = FALSE
	EndGlobalSection
	GlobalSection(ProjectConfigurationPlatforms) = postSolution
		{90DC77D8-5027-4DD8-B12C-C83B8E5FD687}.Debug|Any CPU.ActiveCfg = Debug|Any CPU
		{90DC77D8-5027-4DD8-B12C-C83B8E5FD687}.Debug|Any CPU.Build.0 = Debug|Any CPU
		{90DC77D8-5027-4DD8-B12C-C83B8E5FD687}.Release|Any CPU.ActiveCfg = Release|Any CPU
		{90DC77D8-5027-4DD8-B12C-C83B8E5FD687}.Release|Any CPU.Build.0 = Release|Any CPU
		{FEB6C99D-C5CD-424C-BCFF-A17720BC028E}.Debug|Any CPU.ActiveCfg = Debug|Any CPU
		{FEB6C99D-C5CD-424C-BCFF-A17720BC028E}.Debug|Any CPU.Build.0 = Debug|Any CPU
		{FEB6C99D-C5CD-424C-BCFF-A17720BC028E}.Release|Any CPU.ActiveCfg = Release|Any CPU
		{FEB6C99D-C5CD-424C-BCFF-A17720BC028E}.Release|Any CPU.Build.0 = Release|Any CPU
		{E024A0BB-0D3C-4B73-9ED7-361CCA04AE3A}.Debug|Any CPU.ActiveCfg = Debug|Any CPU
		{E024A0BB-0D3C-4B73-9ED7-361CCA04AE3A}.Debug|Any CPU.Build.0 = Debug|Any CPU
		{E024A0BB-0D3C-4B73-9ED7-361CCA04AE3A}.Release|Any CPU.ActiveCfg = Release|Any CPU
		{E024A0BB-0D3C-4B73-9ED7-361CCA04AE3A}.Release|Any CPU.Build.0 = Release|Any CPU
	EndGlobalSection
EndGlobal
